{
  "requires": true,
  "lockfileVersion": 1,
  "dependencies": {
    "lodash": {
      "version": "4.17.21",
      "resolved": "https://registry.npmjs.org/lodash/-/lodash-4.17.21.tgz",
      "integrity": "sha512-v2kDEe57lecTulaDIuNTPy3Ry4gLGJ6Z1O3vE1krgXZNrsQ+LFTGHVxVjcXPs17LhbZVGedAJv8XZ1tvj5FvSg=="
    },
    "react-lodash": {
      "version": "0.1.2",
      "resolved": "https://registry.npmjs.org/react-lodash/-/react-lodash-0.1.2.tgz",
      "integrity": "sha512-0yE7/CjDgF72tRKZka6sZf0XUx1uG0lcpBZqhKp7oRo84K1ZzPMNiEUjAEcsXw6rsYHLqwttClO4BhPJ7e+R5w==",
      "requires": {
        "lodash": "^4.17.11"
      }
    }
  }
}
